
Microsoft Visual Studio Solution File, Format Version 12.00
# Visual Studio 14
VisualStudioVersion = 14.0.25123.0
MinimumVisualStudioVersion = 10.0.40219.1
Project("{FAE04EC0-301F-11D3-BF4B-00C04F79EFBC}") = "ConsoleApplication1", "ConsoleApplication1\ConsoleApplication1.csproj", "{A68E0C7A-F1E4-47C2-AB13-4CD454D0268F}"
EndProject
Project("{2150E333-8FDC-42A3-9474-1A3956D46DE8}") = "Solution Items", "Solution Items", "{2212F106-6885-489A-8B55-9F67ACF9EFF0}"
	ProjectSection(SolutionItems) = preProject
		Queries.sql = Queries.sql
	EndProjectSection
EndProject
Global
	GlobalSection(SolutionConfigurationPlatforms) = preSolution
		Debug|Any CPU = Debug|Any CPU
		Release|Any CPU = Release|Any CPU
	EndGlobalSection
	GlobalSection(ProjectConfigurationPlatforms) = postSolution
		{A68E0C7A-F1E4-47C2-AB13-4CD454D0268F}.Debug|Any CPU.ActiveCfg = Debug|Any CPU
		{A68E0C7A-F1E4-47C2-AB13-4CD454D0268F}.Debug|Any CPU.Build.0 = Debug|Any CPU
		{A68E0C7A-F1E4-47C2-AB13-4CD454D0268F}.Release|Any CPU.ActiveCfg = Release|Any CPU
		{A68E0C7A-F1E4-47C2-AB13-4CD454D0268F}.Release|Any CPU.Build.0 = Release|Any CPU
	EndGlobalSection
	GlobalSection(SolutionProperties) = preSolution
		HideSolutionNode = FALSE
	EndGlobalSection
EndGlobal
